
Microsoft Visual Studio Solution File, Format Version 12.00
# Visual Studio 15
VisualStudioVersion = 15.0.27130.2036
MinimumVisualStudioVersion = 10.0.40219.1
Project("{9A19103F-16F7-4668-BE54-9A1E7A4F7556}") = "MouseHeatmap.Collector", "MouseHeatmap.Collector\MouseHeatmap.Collector.csproj", "{A500E8C0-73A8-4372-8E88-5C7316785108}"
EndProject
Project("{9A19103F-16F7-4668-BE54-9A1E7A4F7556}") = "MouseHeatmap.Collector.Tests", "MouseHeatmap.Collector.Tests\MouseHeatmap.Collector.Tests.csproj", "{3BF3EB44-B82A-4F49-BD02-CA9182820D34}"
EndProject
Global
	GlobalSection(SolutionConfigurationPlatforms) = preSolution
		Debug|Any CPU = Debug|Any CPU
		Release|Any CPU = Release|Any CPU
	EndGlobalSection
	GlobalSection(ProjectConfigurationPlatforms) = postSolution
		{A500E8C0-73A8-4372-8E88-5C7316785108}.Debug|Any CPU.ActiveCfg = Debug|Any CPU
		{A500E8C0-73A8-4372-8E88-5C7316785108}.Debug|Any CPU.Build.0 = Debug|Any CPU
		{A500E8C0-73A8-4372-8E88-5C7316785108}.Release|Any CPU.ActiveCfg = Release|Any CPU
		{A500E8C0-73A8-4372-8E88-5C7316785108}.Release|Any CPU.Build.0 = Release|Any CPU
		{3BF3EB44-B82A-4F49-BD02-CA9182820D34}.Debug|Any CPU.ActiveCfg = Debug|Any CPU
		{3BF3EB44-B82A-4F49-BD02-CA9182820D34}.Debug|Any CPU.Build.0 = Debug|Any CPU
		{3BF3EB44-B82A-4F49-BD02-CA9182820D34}.Release|Any CPU.ActiveCfg = Release|Any CPU
		{3BF3EB44-B82A-4F49-BD02-CA9182820D34}.Release|Any CPU.Build.0 = Release|Any CPU
	EndGlobalSection
	GlobalSection(SolutionProperties) = preSolution
		HideSolutionNode = FALSE
	EndGlobalSection
	GlobalSection(ExtensibilityGlobals) = postSolution
		SolutionGuid = {74D76294-10EB-49C6-A167-4C6EA7755DE9}
	EndGlobalSection
EndGlobal
